
Microsoft Visual Studio Solution File, Format Version 12.00
# Visual Studio 15
VisualStudioVersion = 15.0.28307.329
MinimumVisualStudioVersion = 10.0.40219.1
Project("{9A19103F-16F7-4668-BE54-9A1E7A4F7556}") = "Personalpractice", "Personalpractice\Personalpractice.csproj", "{599CFFF3-180E-41E4-B835-E832C26121D3}"
EndProject
Project("{9A19103F-16F7-4668-BE54-9A1E7A4F7556}") = "Personalpractice.Test", "Personalpractice.Test\Personalpractice.Test.csproj", "{3C616CF9-E2CA-4D08-8AA3-B0066407931C}"
EndProject
Global
	GlobalSection(SolutionConfigurationPlatforms) = preSolution
		Debug|Any CPU = Debug|Any CPU
		Release|Any CPU = Release|Any CPU
	EndGlobalSection
	GlobalSection(ProjectConfigurationPlatforms) = postSolution
		{599CFFF3-180E-41E4-B835-E832C26121D3}.Debug|Any CPU.ActiveCfg = Debug|Any CPU
		{599CFFF3-180E-41E4-B835-E832C26121D3}.Debug|Any CPU.Build.0 = Debug|Any CPU
		{599CFFF3-180E-41E4-B835-E832C26121D3}.Release|Any CPU.ActiveCfg = Release|Any CPU
		{599CFFF3-180E-41E4-B835-E832C26121D3}.Release|Any CPU.Build.0 = Release|Any CPU
		{3C616CF9-E2CA-4D08-8AA3-B0066407931C}.Debug|Any CPU.ActiveCfg = Debug|Any CPU
		{3C616CF9-E2CA-4D08-8AA3-B0066407931C}.Debug|Any CPU.Build.0 = Debug|Any CPU
		{3C616CF9-E2CA-4D08-8AA3-B0066407931C}.Release|Any CPU.ActiveCfg = Release|Any CPU
		{3C616CF9-E2CA-4D08-8AA3-B0066407931C}.Release|Any CPU.Build.0 = Release|Any CPU
	EndGlobalSection
	GlobalSection(SolutionProperties) = preSolution
		HideSolutionNode = FALSE
	EndGlobalSection
	GlobalSection(ExtensibilityGlobals) = postSolution
		SolutionGuid = {1F219808-E6E8-4C1D-B846-41F2F7CF20FA}
	EndGlobalSection
EndGlobal
